
Microsoft Visual Studio Solution File, Format Version 12.00
# Visual Studio Version 16
VisualStudioVersion = 16.0.31410.357
MinimumVisualStudioVersion = 10.0.40219.1
Project("{FAE04EC0-301F-11D3-BF4B-00C04F79EFBC}") = "NUnitTesting", "NUnitTesting\NUnitTesting.csproj", "{E042B891-2936-48C1-B47D-A0D05B408C2C}"
EndProject
Project("{FAE04EC0-301F-11D3-BF4B-00C04F79EFBC}") = "Tests", "Tests\Tests.csproj", "{F6E69A49-43D9-4E35-8614-55EBC163CEE6}"
EndProject
Global
	GlobalSection(SolutionConfigurationPlatforms) = preSolution
		Debug|Any CPU = Debug|Any CPU
		Release|Any CPU = Release|Any CPU
	EndGlobalSection
	GlobalSection(ProjectConfigurationPlatforms) = postSolution
		{E042B891-2936-48C1-B47D-A0D05B408C2C}.Debug|Any CPU.ActiveCfg = Debug|Any CPU
		{E042B891-2936-48C1-B47D-A0D05B408C2C}.Debug|Any CPU.Build.0 = Debug|Any CPU
		{E042B891-2936-48C1-B47D-A0D05B408C2C}.Release|Any CPU.ActiveCfg = Release|Any CPU
		{E042B891-2936-48C1-B47D-A0D05B408C2C}.Release|Any CPU.Build.0 = Release|Any CPU
		{F6E69A49-43D9-4E35-8614-55EBC163CEE6}.Debug|Any CPU.ActiveCfg = Debug|Any CPU
		{F6E69A49-43D9-4E35-8614-55EBC163CEE6}.Debug|Any CPU.Build.0 = Debug|Any CPU
		{F6E69A49-43D9-4E35-8614-55EBC163CEE6}.Release|Any CPU.ActiveCfg = Release|Any CPU
		{F6E69A49-43D9-4E35-8614-55EBC163CEE6}.Release|Any CPU.Build.0 = Release|Any CPU
	EndGlobalSection
	GlobalSection(SolutionProperties) = preSolution
		HideSolutionNode = FALSE
	EndGlobalSection
	GlobalSection(ExtensibilityGlobals) = postSolution
		SolutionGuid = {920B448A-9C17-4387-907E-E350312E8EC3}
	EndGlobalSection
EndGlobal
